
Microsoft Visual Studio Solution File, Format Version 12.00
# Visual Studio Version 17
VisualStudioVersion = 17.6.33815.320
MinimumVisualStudioVersion = 10.0.40219.1
Project("{FAE04EC0-301F-11D3-BF4B-00C04F79EFBC}") = "Space Odyssey", "Space Odyssey\Space Odyssey.csproj", "{796A43A0-1ADC-44F4-A013-E97F56BABA81}"
EndProject
Global
	GlobalSection(SolutionConfigurationPlatforms) = preSolution
		Debug|Any CPU = Debug|Any CPU
		Release|Any CPU = Release|Any CPU
	EndGlobalSection
	GlobalSection(ProjectConfigurationPlatforms) = postSolution
		{796A43A0-1ADC-44F4-A013-E97F56BABA81}.Debug|Any CPU.ActiveCfg = Debug|Any CPU
		{796A43A0-1ADC-44F4-A013-E97F56BABA81}.Debug|Any CPU.Build.0 = Debug|Any CPU
		{796A43A0-1ADC-44F4-A013-E97F56BABA81}.Release|Any CPU.ActiveCfg = Release|Any CPU
		{796A43A0-1ADC-44F4-A013-E97F56BABA81}.Release|Any CPU.Build.0 = Release|Any CPU
	EndGlobalSection
	GlobalSection(SolutionProperties) = preSolution
		HideSolutionNode = FALSE
	EndGlobalSection
	GlobalSection(ExtensibilityGlobals) = postSolution
		SolutionGuid = {6378685D-684A-4B2B-9D64-766CA1C034FF}
	EndGlobalSection
EndGlobal
